
Microsoft Visual Studio Solution File, Format Version 12.00
# Visual Studio Version 16
VisualStudioVersion = 16.0.28803.352
MinimumVisualStudioVersion = 10.0.40219.1
Project("{FAE04EC0-301F-11D3-BF4B-00C04F79EFBC}") = "QuickBuy.Dominio", "QuickBuy.Dominio\QuickBuy.Dominio.csproj", "{0090397C-72CF-44A7-89B3-A22A779A2248}"
EndProject
Project("{FAE04EC0-301F-11D3-BF4B-00C04F79EFBC}") = "QuickBuy.Repositorio", "QuickBuy.Repositorio\QuickBuy.Repositorio.csproj", "{8720F1BD-775F-4C87-87E1-B7FB195C09A2}"
EndProject
Project("{FAE04EC0-301F-11D3-BF4B-00C04F79EFBC}") = "QuickBuy.Web", "QuickBuy.Web\QuickBuy.Web.csproj", "{013F7C94-B9F5-4231-BFFC-5824F1D36A1C}"
EndProject
Global
	GlobalSection(SolutionConfigurationPlatforms) = preSolution
		Debug|Any CPU = Debug|Any CPU
		Release|Any CPU = Release|Any CPU
	EndGlobalSection
	GlobalSection(ProjectConfigurationPlatforms) = postSolution
		{0090397C-72CF-44A7-89B3-A22A779A2248}.Debug|Any CPU.ActiveCfg = Debug|Any CPU
		{0090397C-72CF-44A7-89B3-A22A779A2248}.Debug|Any CPU.Build.0 = Debug|Any CPU
		{0090397C-72CF-44A7-89B3-A22A779A2248}.Release|Any CPU.ActiveCfg = Release|Any CPU
		{0090397C-72CF-44A7-89B3-A22A779A2248}.Release|Any CPU.Build.0 = Release|Any CPU
		{8720F1BD-775F-4C87-87E1-B7FB195C09A2}.Debug|Any CPU.ActiveCfg = Debug|Any CPU
		{8720F1BD-775F-4C87-87E1-B7FB195C09A2}.Debug|Any CPU.Build.0 = Debug|Any CPU
		{8720F1BD-775F-4C87-87E1-B7FB195C09A2}.Release|Any CPU.ActiveCfg = Release|Any CPU
		{8720F1BD-775F-4C87-87E1-B7FB195C09A2}.Release|Any CPU.Build.0 = Release|Any CPU
		{013F7C94-B9F5-4231-BFFC-5824F1D36A1C}.Debug|Any CPU.ActiveCfg = Debug|Any CPU
		{013F7C94-B9F5-4231-BFFC-5824F1D36A1C}.Debug|Any CPU.Build.0 = Debug|Any CPU
		{013F7C94-B9F5-4231-BFFC-5824F1D36A1C}.Release|Any CPU.ActiveCfg = Release|Any CPU
		{013F7C94-B9F5-4231-BFFC-5824F1D36A1C}.Release|Any CPU.Build.0 = Release|Any CPU
	EndGlobalSection
	GlobalSection(SolutionProperties) = preSolution
		HideSolutionNode = FALSE
	EndGlobalSection
	GlobalSection(ExtensibilityGlobals) = postSolution
		SolutionGuid = {317A648D-09F4-4B12-820B-448E44A0A732}
	EndGlobalSection
EndGlobal
